<?xml version="1.0" encoding="utf-8"?>
<Project ToolsVersion="4.0" xmlns="http://schemas.microsoft.com/developer/msbuild/2003">
  <ItemGroup>
    <Filter Include="Исходные файлы">
      <UniqueIdentifier>{4FC737F1-C7A5-4376-A066-2A32D752A2FF}</UniqueIdentifier>
      <Extensions>cpp;c;cc;cxx;def;odl;idl;hpj;bat;asm;asmx</Extensions>
    </Filter>
    <Filter Include="Файлы заголовков">
      <UniqueIdentifier>{93995380-89BD-4b04-88EB-625FBE52EBFB}</UniqueIdentifier>
      <Extensions>h;hh;hpp;hxx;hm;inl;inc;ipp;xsd</Extensions>
    </Filter>
    <Filter Include="Файлы заголовков\maps">
      <UniqueIdentifier>{d5f24cdf-22b0-4596-90ae-76cdb5b59829}</UniqueIdentifier>
    </Filter>
  </ItemGroup>
  <ItemGroup>
    <ClCompile Include="main.cpp">
      <Filter>Исходные файлы</Filter>
    </ClCompile>
    <ClCompile Include="Animation.cpp">
      <Filter>Исходные файлы</Filter>
    </ClCompile>
    <ClCompile Include="Entity.cpp">
      <Filter>Исходные файлы</Filter>
    </ClCompile>
    <ClCompile Include="Tank.cpp">
      <Filter>Исходные файлы</Filter>
    </ClCompile>
    <ClCompile Include="Player.cpp">
      <Filter>Исходные файлы</Filter>
    </ClCompile>
    <ClCompile Include="Shell.cpp">
      <Filter>Исходные файлы</Filter>
    </ClCompile>
    <ClCompile Include="Smoke.cpp">
      <Filter>Исходные файлы</Filter>
    </ClCompile>
    <ClCompile Include="Rank.cpp">
      <Filter>Исходные файлы</Filter>
    </ClCompile>
    <ClCompile Include="Air.cpp">
      <Filter>Исходные файлы</Filter>
    </ClCompile>
    <ClCompile Include="Plane.cpp">
      <Filter>Исходные файлы</Filter>
    </ClCompile>
    <ClCompile Include="Bomb.cpp">
      <Filter>Исходные файлы</Filter>
    </ClCompile>
    <ClCompile Include="Enemy.cpp">
      <Filter>Исходные файлы</Filter>
    </ClCompile>
    <ClCompile Include="DrowningModel.cpp">
      <Filter>Исходные файлы</Filter>
    </ClCompile>
    <ClCompile Include="AchievementModel.cpp">
      <Filter>Исходные файлы</Filter>
    </ClCompile>
  </ItemGroup>
  <ItemGroup>
    <ClInclude Include="Animation.h">
      <Filter>Файлы заголовков</Filter>
    </ClInclude>
    <ClInclude Include="libraries.h">
      <Filter>Файлы заголовков</Filter>
    </ClInclude>
    <ClInclude Include="stage_01.h">
      <Filter>Файлы заголовков\maps</Filter>
    </ClInclude>
    <ClInclude Include="stage_02.h">
      <Filter>Файлы заголовков\maps</Filter>
    </ClInclude>
    <ClInclude Include="maps.h">
      <Filter>Файлы заголовков\maps</Filter>
    </ClInclude>
    <ClInclude Include="stage_03.h">
      <Filter>Файлы заголовков\maps</Filter>
    </ClInclude>
    <ClInclude Include="stage_04.h">
      <Filter>Файлы заголовков\maps</Filter>
    </ClInclude>
    <ClInclude Include="stage_05.h">
      <Filter>Файлы заголовков\maps</Filter>
    </ClInclude>
    <ClInclude Include="stage_06.h">
      <Filter>Файлы заголовков\maps</Filter>
    </ClInclude>
    <ClInclude Include="stage_07.h">
      <Filter>Файлы заголовков\maps</Filter>
    </ClInclude>
    <ClInclude Include="stage_08.h">
      <Filter>Файлы заголовков\maps</Filter>
    </ClInclude>
    <ClInclude Include="stage_09.h">
      <Filter>Файлы заголовков\maps</Filter>
    </ClInclude>
    <ClInclude Include="stage_10.h">
      <Filter>Файлы заголовков\maps</Filter>
    </ClInclude>
    <ClInclude Include="stage_11.h">
      <Filter>Файлы заголовков\maps</Filter>
    </ClInclude>
    <ClInclude Include="stage_12.h">
      <Filter>Файлы заголовков\maps</Filter>
    </ClInclude>
    <ClInclude Include="stage_13.h">
      <Filter>Файлы заголовков\maps</Filter>
    </ClInclude>
    <ClInclude Include="stage_14.h">
      <Filter>Файлы заголовков\maps</Filter>
    </ClInclude>
    <ClInclude Include="stage_15.h">
      <Filter>Файлы заголовков\maps</Filter>
    </ClInclude>
    <ClInclude Include="stage_16.h">
      <Filter>Файлы заголовков\maps</Filter>
    </ClInclude>
    <ClInclude Include="stage_17.h">
      <Filter>Файлы заголовков\maps</Filter>
    </ClInclude>
    <ClInclude Include="stage_18.h">
      <Filter>Файлы заголовков\maps</Filter>
    </ClInclude>
    <ClInclude Include="stage_19.h">
      <Filter>Файлы заголовков\maps</Filter>
    </ClInclude>
    <ClInclude Include="stage_20.h">
      <Filter>Файлы заголовков\maps</Filter>
    </ClInclude>
    <ClInclude Include="View.h">
      <Filter>Файлы заголовков</Filter>
    </ClInclude>
    <ClInclude Include="Entity.h">
      <Filter>Файлы заголовков</Filter>
    </ClInclude>
    <ClInclude Include="Tank.h">
      <Filter>Файлы заголовков</Filter>
    </ClInclude>
    <ClInclude Include="Player.h">
      <Filter>Файлы заголовков</Filter>
    </ClInclude>
    <ClInclude Include="Shell.h">
      <Filter>Файлы заголовков</Filter>
    </ClInclude>
    <ClInclude Include="Smoke.h">
      <Filter>Файлы заголовков</Filter>
    </ClInclude>
    <ClInclude Include="Rank.h">
      <Filter>Файлы заголовков</Filter>
    </ClInclude>
    <ClInclude Include="Air.h">
      <Filter>Файлы заголовков</Filter>
    </ClInclude>
    <ClInclude Include="Plane.h">
      <Filter>Файлы заголовков</Filter>
    </ClInclude>
    <ClInclude Include="Bomb.h">
      <Filter>Файлы заголовков</Filter>
    </ClInclude>
    <ClInclude Include="Enemy.h">
      <Filter>Файлы заголовков</Filter>
    </ClInclude>
    <ClInclude Include="DrowningModel.h">
      <Filter>Файлы заголовков</Filter>
    </ClInclude>
    <ClInclude Include="AchievementModel.h">
      <Filter>Файлы заголовков</Filter>
    </ClInclude>
  </ItemGroup>
</Project>